// !$*UTF8*$!
{
	archiveVersion = 1;
	classes = {
	};
	objectVersion = 46;
	objects = {

/* Begin PBXBuildFile section */
		84DE0B3F1CF80046006B5644 /* AppDelegate.swift in Sources */ = {isa = PBXBuildFile; fileRef = 84DE0B3E1CF80046006B5644 /* AppDelegate.swift */; };
		84DE0B411CF80046006B5644 /* ViewController.swift in Sources */ = {isa = PBXBuildFile; fileRef = 84DE0B401CF80046006B5644 /* ViewController.swift */; };
		84DE0B441CF80047006B5644 /* Main.storyboard in Resources */ = {isa = PBXBuildFile; fileRef = 84DE0B421CF80047006B5644 /* Main.storyboard */; };
		84DE0B461CF80047006B5644 /* Assets.xcassets in Resources */ = {isa = PBXBuildFile; fileRef = 84DE0B451CF80047006B5644 /* Assets.xcassets */; };
		84DE0B491CF80047006B5644 /* LaunchScreen.storyboard in Resources */ = {isa = PBXBuildFile; fileRef = 84DE0B471CF80047006B5644 /* LaunchScreen.storyboard */; };
		84DE0B541CF80047006B5644 /* CustomKeyBoardDemoSwiftTests.swift in Sources */ = {isa = PBXBuildFile; fileRef = 84DE0B531CF80047006B5644 /* CustomKeyBoardDemoSwiftTests.swift */; };
		84DE0B5F1CF80047006B5644 /* CustomKeyBoardDemoSwiftUITests.swift in Sources */ = {isa = PBXBuildFile; fileRef = 84DE0B5E1CF80047006B5644 /* CustomKeyBoardDemoSwiftUITests.swift */; };
/* End PBXBuildFile section */

/* Begin PBXContainerItemProxy section */
		84DE0B501CF80047006B5644 /* PBXContainerItemProxy */ = {
			isa = PBXContainerItemProxy;
			containerPortal = 84DE0B331CF80046006B5644 /* Project object */;
			proxyType = 1;
			remoteGlobalIDString = 84DE0B3A1CF80046006B5644;
			remoteInfo = CustomKeyBoardDemoSwift;
		};
		84DE0B5B1CF80047006B5644 /* PBXContainerItemProxy */ = {
			isa = PBXContainerItemProxy;
			containerPortal = 84DE0B331CF80046006B5644 /* Project object */;
			proxyType = 1;
			remoteGlobalIDString = 84DE0B3A1CF80046006B5644;
			remoteInfo = CustomKeyBoardDemoSwift;
		};
/* End PBXContainerItemProxy section */

/* Begin PBXFileReference section */
		84DE0B3B1CF80046006B5644 /* CustomKeyBoardDemoSwift.app */ = {isa = PBXFileReference; explicitFileType = wrapper.application; includeInIndex = 0; path = CustomKeyBoardDemoSwift.app; sourceTree = BUILT_PRODUCTS_DIR; };
		84DE0B3E1CF80046006B5644 /* AppDelegate.swift */ = {isa = PBXFileReference; lastKnownFileType = sourcecode.swift; path = AppDelegate.swift; sourceTree = "<group>"; };
		84DE0B401CF80046006B5644 /* ViewController.swift */ = {isa = PBXFileReference; lastKnownFileType = sourcecode.swift; path = ViewController.swift; sourceTree = "<group>"; };
		84DE0B431CF80047006B5644 /* Base */ = {isa = PBXFileReference; lastKnownFileType = file.storyboard; name = Base; path = Base.lproj/Main.storyboard; sourceTree = "<group>"; };
		84DE0B451CF80047006B5644 /* Assets.xcassets */ = {isa = PBXFileReference; lastKnownFileType = folder.assetcatalog; path = Assets.xcassets; sourceTree = "<group>"; };
		84DE0B481CF80047006B5644 /* Base */ = {isa = PBXFileReference; lastKnownFileType = file.storyboard; name = Base; path = Base.lproj/LaunchScreen.storyboard; sourceTree = "<group>"; };
		84DE0B4A1CF80047006B5644 /* Info.plist */ = {isa = PBXFileReference; lastKnownFileType = text.plist.xml; path = Info.plist; sourceTree = "<group>"; };
		84DE0B4F1CF80047006B5644 /* CustomKeyBoardDemoSwiftTests.xctest */ = {isa = PBXFileReference; explicitFileType = wrapper.cfbundle; includeInIndex = 0; path = CustomKeyBoardDemoSwiftTests.xctest; sourceTree = BUILT_PRODUCTS_DIR; };
		84DE0B531CF80047006B5644 /* CustomKeyBoardDemoSwiftTests.swift */ = {isa = PBXFileReference; lastKnownFileType = sourcecode.swift; path = CustomKeyBoardDemoSwiftTests.swift; sourceTree = "<group>"; };
		84DE0B551CF80047006B5644 /* Info.plist */ = {isa = PBXFileReference; lastKnownFileType = text.plist.xml; path = Info.plist; sourceTree = "<group>"; };
		84DE0B5A1CF80047006B5644 /* CustomKeyBoardDemoSwiftUITests.xctest */ = {isa = PBXFileReference; explicitFileType = wrapper.cfbundle; includeInIndex = 0; path = CustomKeyBoardDemoSwiftUITests.xctest; sourceTree = BUILT_PRODUCTS_DIR; };
		84DE0B5E1CF80047006B5644 /* CustomKeyBoardDemoSwiftUITests.swift */ = {isa = PBXFileReference; lastKnownFileType = sourcecode.swift; path = CustomKeyBoardDemoSwiftUITests.swift; sourceTree = "<group>"; };
		84DE0B601CF80047006B5644 /* Info.plist */ = {isa = PBXFileReference; lastKnownFileType = text.plist.xml; path = Info.plist; sourceTree = "<group>"; };
/* End PBXFileReference section */

/* Begin PBXFrameworksBuildPhase section */
		84DE0B381CF80046006B5644 /* Frameworks */ = {
			isa = PBXFrameworksBuildPhase;
			buildActionMask = 2147483647;
			files = (
			);
			runOnlyForDeploymentPostprocessing = 0;
		};
		84DE0B4C1CF80047006B5644 /* Frameworks */ = {
			isa = PBXFrameworksBuildPhase;
			buildActionMask = 2147483647;
			files = (
			);
			runOnlyForDeploymentPostprocessing = 0;
		};
		84DE0B571CF80047006B5644 /* Frameworks */ = {
			isa = PBXFrameworksBuildPhase;
			buildActionMask = 2147483647;
			files = (
			);
			runOnlyForDeploymentPostprocessing = 0;
		};
/* End PBXFrameworksBuildPhase section */

/* Begin PBXGroup section */
		84DE0B321CF80046006B5644 = {
			isa = PBXGroup;
			children = (
				84DE0B3D1CF80046006B5644 /* CustomKeyBoardDemoSwift */,
				84DE0B521CF80047006B5644 /* CustomKeyBoardDemoSwiftTests */,
				84DE0B5D1CF80047006B5644 /* CustomKeyBoardDemoSwiftUITests */,
				84DE0B3C1CF80046006B5644 /* Products */,
			);
			sourceTree = "<group>";
		};
		84DE0B3C1CF80046006B5644 /* Products */ = {
			isa = PBXGroup;
			children = (
				84DE0B3B1CF80046006B5644 /* CustomKeyBoardDemoSwift.app */,
				84DE0B4F1CF80047006B5644 /* CustomKeyBoardDemoSwiftTests.xctest */,
				84DE0B5A1CF80047006B5644 /* CustomKeyBoardDemoSwiftUITests.xctest */,
			);
			name = Products;
			sourceTree = "<group>";
		};
		84DE0B3D1CF80046006B5644 /* CustomKeyBoardDemoSwift */ = {
			isa = PBXGroup;
			children = (
				84DE0B3E1CF80046006B5644 /* AppDelegate.swift */,
				84DE0B401CF80046006B5644 /* ViewController.swift */,
				84DE0B421CF80047006B5644 /* Main.storyboard */,
				84DE0B451CF80047006B5644 /* Assets.xcassets */,
				84DE0B471CF80047006B5644 /* LaunchScreen.storyboard */,
				84DE0B4A1CF80047006B5644 /* Info.plist */,
			);
			path = CustomKeyBoardDemoSwift;
			sourceTree = "<group>";
		};
		84DE0B521CF80047006B5644 /* CustomKeyBoardDemoSwiftTests */ = {
			isa = PBXGroup;
			children = (
				84DE0B531CF80047006B5644 /* CustomKeyBoardDemoSwiftTests.swift */,
				84DE0B551CF80047006B5644 /* Info.plist */,
			);
			path = CustomKeyBoardDemoSwiftTests;
			sourceTree = "<group>";
		};
		84DE0B5D1CF80047006B5644 /* CustomKeyBoardDemoSwiftUITests */ = {
			isa = PBXGroup;
			children = (
				84DE0B5E1CF80047006B5644 /* CustomKeyBoardDemoSwiftUITests.swift */,
				84DE0B601CF80047006B5644 /* Info.plist */,
			);
			path = CustomKeyBoardDemoSwiftUITests;
			sourceTree = "<group>";
		};
/* End PBXGroup section */

/* Begin PBXNativeTarget section */
		84DE0B3A1CF80046006B5644 /* CustomKeyBoardDemoSwift */ = {
			isa = PBXNativeTarget;
			buildConfigurationList = 84DE0B631CF80047006B5644 /* Build configuration list for PBXNativeTarget "CustomKeyBoardDemoSwift" */;
			buildPhases = (
				84DE0B371CF80046006B5644 /* Sources */,
				84DE0B381CF80046006B5644 /* Frameworks */,
				84DE0B391CF80046006B5644 /* Resources */,
			);
			buildRules = (
			);
			dependencies = (
			);
			name = CustomKeyBoardDemoSwift;
			productName = CustomKeyBoardDemoSwift;
			productReference = 84DE0B3B1CF80046006B5644 /* CustomKeyBoardDemoSwift.app */;
			productType = "com.apple.product-type.application";
		};
		84DE0B4E1CF80047006B5644 /* CustomKeyBoardDemoSwiftTests */ = {
			isa = PBXNativeTarget;
			buildConfigurationList = 84DE0B661CF80047006B5644 /* Build configuration list for PBXNativeTarget "CustomKeyBoardDemoSwiftTests" */;
			buildPhases = (
				84DE0B4B1CF80047006B5644 /* Sources */,
				84DE0B4C1CF80047006B5644 /* Frameworks */,
				84DE0B4D1CF80047006B5644 /* Resources */,
			);
			buildRules = (
			);
			dependencies = (
				84DE0B511CF80047006B5644 /* PBXTargetDependency */,
			);
			name = CustomKeyBoardDemoSwiftTests;
			productName = CustomKeyBoardDemoSwiftTests;
			productReference = 84DE0B4F1CF80047006B5644 /* CustomKeyBoardDemoSwiftTests.xctest */;
			productType = "com.apple.product-type.bundle.unit-test";
		};
		84DE0B591CF80047006B5644 /* CustomKeyBoardDemoSwiftUITests */ = {
			isa = PBXNativeTarget;
			buildConfigurationList = 84DE0B691CF80047006B5644 /* Build configuration list for PBXNativeTarget "CustomKeyBoardDemoSwiftUITests" */;
			buildPhases = (
				84DE0B561CF80047006B5644 /* Sources */,
				84DE0B571CF80047006B5644 /* Frameworks */,
				84DE0B581CF80047006B5644 /* Resources */,
			);
			buildRules = (
			);
			dependencies = (
				84DE0B5C1CF80047006B5644 /* PBXTargetDependency */,
			);
			name = CustomKeyBoardDemoSwiftUITests;
			productName = CustomKeyBoardDemoSwiftUITests;
			productReference = 84DE0B5A1CF80047006B5644 /* CustomKeyBoardDemoSwiftUITests.xctest */;
			productType = "com.apple.product-type.bundle.ui-testing";
		};
/* End PBXNativeTarget section */

/* Begin PBXProject section */
		84DE0B331CF80046006B5644 /* Project object */ = {
			isa = PBXProject;
			attributes = {
				LastSwiftUpdateCheck = 0720;
				LastUpgradeCheck = 0720;
				ORGANIZATIONNAME = duanchuanfen;
				TargetAttributes = {
					84DE0B3A1CF80046006B5644 = {
						CreatedOnToolsVersion = 7.2.1;
					};
					84DE0B4E1CF80047006B5644 = {
						CreatedOnToolsVersion = 7.2.1;
						TestTargetID = 84DE0B3A1CF80046006B5644;
					};
					84DE0B591CF80047006B5644 = {
						CreatedOnToolsVersion = 7.2.1;
						TestTargetID = 84DE0B3A1CF80046006B5644;
					};
				};
			};
			buildConfigurationList = 84DE0B361CF80046006B5644 /* Build configuration list for PBXProject "CustomKeyBoardDemoSwift" */;
			compatibilityVersion = "Xcode 3.2";
			developmentRegion = English;
			hasScannedForEncodings = 0;
			knownRegions = (
				en,
				Base,
			);
			mainGroup = 84DE0B321CF80046006B5644;
			productRefGroup = 84DE0B3C1CF80046006B5644 /* Products */;
			projectDirPath = "";
			projectRoot = "";
			targets = (
				84DE0B3A1CF80046006B5644 /* CustomKeyBoardDemoSwift */,
				84DE0B4E1CF80047006B5644 /* CustomKeyBoardDemoSwiftTests */,
				84DE0B591CF80047006B5644 /* CustomKeyBoardDemoSwiftUITests */,
			);
		};
/* End PBXProject section */

/* Begin PBXResourcesBuildPhase section */
		84DE0B391CF80046006B5644 /* Resources */ = {
			isa = PBXResourcesBuildPhase;
			buildActionMask = 2147483647;
			files = (
				84DE0B491CF80047006B5644 /* LaunchScreen.storyboard in Resources */,
				84DE0B461CF80047006B5644 /* Assets.xcassets in Resources */,
				84DE0B441CF80047006B5644 /* Main.storyboard in Resources */,
			);
			runOnlyForDeploymentPostprocessing = 0;
		};
		84DE0B4D1CF80047006B5644 /* Resources */ = {
			isa = PBXResourcesBuildPhase;
			buildActionMask = 2147483647;
			files = (
			);
			runOnlyForDeploymentPostprocessing = 0;
		};
		84DE0B581CF80047006B5644 /* Resources */ = {
			isa = PBXResourcesBuildPhase;
			buildActionMask = 2147483647;
			files = (
			);
			runOnlyForDeploymentPostprocessing = 0;
		};
/* End PBXResourcesBuildPhase section */

/* Begin PBXSourcesBuildPhase section */
		84DE0B371CF80046006B5644 /* Sources */ = {
			isa = PBXSourcesBuildPhase;
			buildActionMask = 2147483647;
			files = (
				84DE0B411CF80046006B5644 /* ViewController.swift in Sources */,
				84DE0B3F1CF80046006B5644 /* AppDelegate.swift in Sources */,
			);
			runOnlyForDeploymentPostprocessing = 0;
		};
		84DE0B4B1CF80047006B5644 /* Sources */ = {
			isa = PBXSourcesBuildPhase;
			buildActionMask = 2147483647;
			files = (
				84DE0B541CF80047006B5644 /* CustomKeyBoardDemoSwiftTests.swift in Sources */,
			);
			runOnlyForDeploymentPostprocessing = 0;
		};
		84DE0B561CF80047006B5644 /* Sources */ = {
			isa = PBXSourcesBuildPhase;
			buildActionMask = 2147483647;
			files = (
				84DE0B5F1CF80047006B5644 /* CustomKeyBoardDemoSwiftUITests.swift in Sources */,
			);
			runOnlyForDeploymentPostprocessing = 0;
		};
/* End PBXSourcesBuildPhase section */

/* Begin PBXTargetDependency section */
		84DE0B511CF80047006B5644 /* PBXTargetDependency */ = {
			isa = PBXTargetDependency;
			target = 84DE0B3A1CF80046006B5644 /* CustomKeyBoardDemoSwift */;
			targetProxy = 84DE0B501CF80047006B5644 /* PBXContainerItemProxy */;
		};
		84DE0B5C1CF80047006B5644 /* PBXTargetDependency */ = {
			isa = PBXTargetDependency;
			target = 84DE0B3A1CF80046006B5644 /* CustomKeyBoardDemoSwift */;
			targetProxy = 84DE0B5B1CF80047006B5644 /* PBXContainerItemProxy */;
		};
/* End PBXTargetDependency section */

/* Begin PBXVariantGroup section */
		84DE0B421CF80047006B5644 /* Main.storyboard */ = {
			isa = PBXVariantGroup;
			children = (
				84DE0B431CF80047006B5644 /* Base */,
			);
			name = Main.storyboard;
			sourceTree = "<group>";
		};
		84DE0B471CF80047006B5644 /* LaunchScreen.storyboard */ = {
			isa = PBXVariantGroup;
			children = (
				84DE0B481CF80047006B5644 /* Base */,
			);
			name = LaunchScreen.storyboard;
			sourceTree = "<group>";
		};
/* End PBXVariantGroup section */

/* Begin XCBuildConfiguration section */
		84DE0B611CF80047006B5644 /* Debug */ = {
			isa = XCBuildConfiguration;
			buildSettings = {
				ALWAYS_SEARCH_USER_PATHS = NO;
				CLANG_CXX_LANGUAGE_STANDARD = "gnu++0x";
				CLANG_CXX_LIBRARY = "libc++";
				CLANG_ENABLE_MODULES = YES;
				CLANG_ENABLE_OBJC_ARC = YES;
				CLANG_WARN_BOOL_CONVERSION = YES;
				CLANG_WARN_CONSTANT_CONVERSION = YES;
				CLANG_WARN_DIRECT_OBJC_ISA_USAGE = YES_ERROR;
				CLANG_WARN_EMPTY_BODY = YES;
				CLANG_WARN_ENUM_CONVERSION = YES;
				CLANG_WARN_INT_CONVERSION = YES;
				CLANG_WARN_OBJC_ROOT_CLASS = YES_ERROR;
				CLANG_WARN_UNREACHABLE_CODE = YES;
				CLANG_WARN__DUPLICATE_METHOD_MATCH = YES;
				"CODE_SIGN_IDENTITY[sdk=iphoneos*]" = "iPhone Developer";
				COPY_PHASE_STRIP = NO;
				DEBUG_INFORMATION_FORMAT = dwarf;
				ENABLE_STRICT_OBJC_MSGSEND = YES;
				ENABLE_TESTABILITY = YES;
				GCC_C_LANGUAGE_STANDARD = gnu99;
				GCC_DYNAMIC_NO_PIC = NO;
				GCC_NO_COMMON_BLOCKS = YES;
				GCC_OPTIMIZATION_LEVEL = 0;
				GCC_PREPROCESSOR_DEFINITIONS = (
					"DEBUG=1",
					"$(inherited)",
				);
				GCC_WARN_64_TO_32_BIT_CONVERSION = YES;
				GCC_WARN_ABOUT_RETURN_TYPE = YES_ERROR;
				GCC_WARN_UNDECLARED_SELECTOR = YES;
				GCC_WARN_UNINITIALIZED_AUTOS = YES_AGGRESSIVE;
				GCC_WARN_UNUSED_FUNCTION = YES;
				GCC_WARN_UNUSED_VARIABLE = YES;
				IPHONEOS_DEPLOYMENT_TARGET = 9.2;
				MTL_ENABLE_DEBUG_INFO = YES;
				ONLY_ACTIVE_ARCH = YES;
				SDKROOT = iphoneos;
				SWIFT_OPTIMIZATION_LEVEL = "-Onone";
				TARGETED_DEVICE_FAMILY = "1,2";
			};
			name = Debug;
		};
		84DE0B621CF80047006B5644 /* Release */ = {
			isa = XCBuildConfiguration;
			buildSettings = {
				ALWAYS_SEARCH_USER_PATHS = NO;
				CLANG_CXX_LANGUAGE_STANDARD = "gnu++0x";
				CLANG_CXX_LIBRARY = "libc++";
				CLANG_ENABLE_MODULES = YES;
				CLANG_ENABLE_OBJC_ARC = YES;
				CLANG_WARN_BOOL_CONVERSION = YES;
				CLANG_WARN_CONSTANT_CONVERSION = YES;
				CLANG_WARN_DIRECT_OBJC_ISA_USAGE = YES_ERROR;
				CLANG_WARN_EMPTY_BODY = YES;
				CLANG_WARN_ENUM_CONVERSION = YES;
				CLANG_WARN_INT_CONVERSION = YES;
				CLANG_WARN_OBJC_ROOT_CLASS = YES_ERROR;
				CLANG_WARN_UNREACHABLE_CODE = YES;
				CLANG_WARN__DUPLICATE_METHOD_MATCH = YES;
				"CODE_SIGN_IDENTITY[sdk=iphoneos*]" = "iPhone Developer";
				COPY_PHASE_STRIP = NO;
				DEBUG_INFORMATION_FORMAT = "dwarf-with-dsym";
				ENABLE_NS_ASSERTIONS = NO;
				ENABLE_STRICT_OBJC_MSGSEND = YES;
				GCC_C_LANGUAGE_STANDARD = gnu99;
				GCC_NO_COMMON_BLOCKS = YES;
				GCC_WARN_64_TO_32_BIT_CONVERSION = YES;
				GCC_WARN_ABOUT_RETURN_TYPE = YES_ERROR;
				GCC_WARN_UNDECLARED_SELECTOR = YES;
				GCC_WARN_UNINITIALIZED_AUTOS = YES_AGGRESSIVE;
				GCC_WARN_UNUSED_FUNCTION = YES;
				GCC_WARN_UNUSED_VARIABLE = YES;
				IPHONEOS_DEPLOYMENT_TARGET = 9.2;
				MTL_ENABLE_DEBUG_INFO = NO;
				SDKROOT = iphoneos;
				TARGETED_DEVICE_FAMILY = "1,2";
				VALIDATE_PRODUCT = YES;
			};
			name = Release;
		};
		84DE0B641CF80047006B5644 /* Debug */ = {
			isa = XCBuildConfiguration;
			buildSettings = {
				ASSETCATALOG_COMPILER_APPICON_NAME = AppIcon;
				INFOPLIST_FILE = CustomKeyBoardDemoSwift/Info.plist;
				LD_RUNPATH_SEARCH_PATHS = "$(inherited) @executable_path/Frameworks";
				PRODUCT_BUNDLE_IDENTIFIER = com.duanchuanfen.CustomKeyBoardDemoSwift;
				PRODUCT_NAME = "$(TARGET_NAME)";
			};
			name = Debug;
		};
		84DE0B651CF80047006B5644 /* Release */ = {
			isa = XCBuildConfiguration;
			buildSettings = {
				ASSETCATALOG_COMPILER_APPICON_NAME = AppIcon;
				INFOPLIST_FILE = CustomKeyBoardDemoSwift/Info.plist;
				LD_RUNPATH_SEARCH_PATHS = "$(inherited) @executable_path/Frameworks";
				PRODUCT_BUNDLE_IDENTIFIER = com.duanchuanfen.CustomKeyBoardDemoSwift;
				PRODUCT_NAME = "$(TARGET_NAME)";
			};
			name = Release;
		};
		84DE0B671CF80047006B5644 /* Debug */ = {
			isa = XCBuildConfiguration;
			buildSettings = {
				BUNDLE_LOADER = "$(TEST_HOST)";
				INFOPLIST_FILE = CustomKeyBoardDemoSwiftTests/Info.plist;
				LD_RUNPATH_SEARCH_PATHS = "$(inherited) @executable_path/Frameworks @loader_path/Frameworks";
				PRODUCT_BUNDLE_IDENTIFIER = com.duanchuanfen.CustomKeyBoardDemoSwiftTests;
				PRODUCT_NAME = "$(TARGET_NAME)";
				TEST_HOST = "$(BUILT_PRODUCTS_DIR)/CustomKeyBoardDemoSwift.app/CustomKeyBoardDemoSwift";
			};
			name = Debug;
		};
		84DE0B681CF80047006B5644 /* Release */ = {
			isa = XCBuildConfiguration;
			buildSettings = {
				BUNDLE_LOADER = "$(TEST_HOST)";
				INFOPLIST_FILE = CustomKeyBoardDemoSwiftTests/Info.plist;
				LD_RUNPATH_SEARCH_PATHS = "$(inherited) @executable_path/Frameworks @loader_path/Frameworks";
				PRODUCT_BUNDLE_IDENTIFIER = com.duanchuanfen.CustomKeyBoardDemoSwiftTests;
				PRODUCT_NAME = "$(TARGET_NAME)";
				TEST_HOST = "$(BUILT_PRODUCTS_DIR)/CustomKeyBoardDemoSwift.app/CustomKeyBoardDemoSwift";
			};
			name = Release;
		};
		84DE0B6A1CF80047006B5644 /* Debug */ = {
			isa = XCBuildConfiguration;
			buildSettings = {
				INFOPLIST_FILE = CustomKeyBoardDemoSwiftUITests/Info.plist;
				LD_RUNPATH_SEARCH_PATHS = "$(inherited) @executable_path/Frameworks @loader_path/Frameworks";
				PRODUCT_BUNDLE_IDENTIFIER = com.duanchuanfen.CustomKeyBoardDemoSwiftUITests;
				PRODUCT_NAME = "$(TARGET_NAME)";
				TEST_TARGET_NAME = CustomKeyBoardDemoSwift;
				USES_XCTRUNNER = YES;
			};
			name = Debug;
		};
		84DE0B6B1CF80047006B5644 /* Release */ = {
			isa = XCBuildConfiguration;
			buildSettings = {
				INFOPLIST_FILE = CustomKeyBoardDemoSwiftUITests/Info.plist;
				LD_RUNPATH_SEARCH_PATHS = "$(inherited) @executable_path/Frameworks @loader_path/Frameworks";
				PRODUCT_BUNDLE_IDENTIFIER = com.duanchuanfen.CustomKeyBoardDemoSwiftUITests;
				PRODUCT_NAME = "$(TARGET_NAME)";
				TEST_TARGET_NAME = CustomKeyBoardDemoSwift;
				USES_XCTRUNNER = YES;
			};
			name = Release;
		};
/* End XCBuildConfiguration section */

/* Begin XCConfigurationList section */
		84DE0B361CF80046006B5644 /* Build configuration list for PBXProject "CustomKeyBoardDemoSwift" */ = {
			isa = XCConfigurationList;
			buildConfigurations = (
				84DE0B611CF80047006B5644 /* Debug */,
				84DE0B621CF80047006B5644 /* Release */,
			);
			defaultConfigurationIsVisible = 0;
			defaultConfigurationName = Release;
		};
		84DE0B631CF80047006B5644 /* Build configuration list for PBXNativeTarget "CustomKeyBoardDemoSwift" */ = {
			isa = XCConfigurationList;
			buildConfigurations = (
				84DE0B641CF80047006B5644 /* Debug */,
				84DE0B651CF80047006B5644 /* Release */,
			);
			defaultConfigurationIsVisible = 0;
		};
		84DE0B661CF80047006B5644 /* Build configuration list for PBXNativeTarget "CustomKeyBoardDemoSwiftTests" */ = {
			isa = XCConfigurationList;
			buildConfigurations = (
				84DE0B671CF80047006B5644 /* Debug */,
				84DE0B681CF80047006B5644 /* Release */,
			);
			defaultConfigurationIsVisible = 0;
		};
		84DE0B691CF80047006B5644 /* Build configuration list for PBXNativeTarget "CustomKeyBoardDemoSwiftUITests" */ = {
			isa = XCConfigurationList;
			buildConfigurations = (
				84DE0B6A1CF80047006B5644 /* Debug */,
				84DE0B6B1CF80047006B5644 /* Release */,
			);
			defaultConfigurationIsVisible = 0;
		};
/* End XCConfigurationList section */
	};
	rootObject = 84DE0B331CF80046006B5644 /* Project object */;
}
